
Microsoft Visual Studio Solution File, Format Version 12.00
# Visual Studio Version 17
VisualStudioVersion = 17.11.35303.130
MinimumVisualStudioVersion = 10.0.40219.1
Project("{9A19103F-16F7-4668-BE54-9A1E7A4F7556}") = "API", "API\API.csproj", "{EFF47259-1231-4743-A19F-276BE8449D44}"
EndProject
Project("{9A19103F-16F7-4668-BE54-9A1E7A4F7556}") = "Blazor", "Blazor\Blazor.csproj", "{3F2E8C90-833C-4092-8249-20F87E709D7B}"
EndProject
Project("{9A19103F-16F7-4668-BE54-9A1E7A4F7556}") = "Data", "Data\Data.csproj", "{A125FA76-CE0A-4A5C-B840-2C4407DCDE85}"
EndProject
Global
	GlobalSection(SolutionConfigurationPlatforms) = preSolution
		Debug|Any CPU = Debug|Any CPU
		Release|Any CPU = Release|Any CPU
	EndGlobalSection
	GlobalSection(ProjectConfigurationPlatforms) = postSolution
		{EFF47259-1231-4743-A19F-276BE8449D44}.Debug|Any CPU.ActiveCfg = Debug|Any CPU
		{EFF47259-1231-4743-A19F-276BE8449D44}.Debug|Any CPU.Build.0 = Debug|Any CPU
		{EFF47259-1231-4743-A19F-276BE8449D44}.Release|Any CPU.ActiveCfg = Release|Any CPU
		{EFF47259-1231-4743-A19F-276BE8449D44}.Release|Any CPU.Build.0 = Release|Any CPU
		{3F2E8C90-833C-4092-8249-20F87E709D7B}.Debug|Any CPU.ActiveCfg = Debug|Any CPU
		{3F2E8C90-833C-4092-8249-20F87E709D7B}.Debug|Any CPU.Build.0 = Debug|Any CPU
		{3F2E8C90-833C-4092-8249-20F87E709D7B}.Release|Any CPU.ActiveCfg = Release|Any CPU
		{3F2E8C90-833C-4092-8249-20F87E709D7B}.Release|Any CPU.Build.0 = Release|Any CPU
		{A125FA76-CE0A-4A5C-B840-2C4407DCDE85}.Debug|Any CPU.ActiveCfg = Debug|Any CPU
		{A125FA76-CE0A-4A5C-B840-2C4407DCDE85}.Debug|Any CPU.Build.0 = Debug|Any CPU
		{A125FA76-CE0A-4A5C-B840-2C4407DCDE85}.Release|Any CPU.ActiveCfg = Release|Any CPU
		{A125FA76-CE0A-4A5C-B840-2C4407DCDE85}.Release|Any CPU.Build.0 = Release|Any CPU
	EndGlobalSection
	GlobalSection(SolutionProperties) = preSolution
		HideSolutionNode = FALSE
	EndGlobalSection
	GlobalSection(ExtensibilityGlobals) = postSolution
		SolutionGuid = {71909F13-BD51-4DF1-955E-1022288612BC}
	EndGlobalSection
EndGlobal
